{
  "name": "ironberry",
  "version": "0.0.1",
  "lockfileVersion": 2,
  "requires": true,
  "packages": {
    "": {
      "version": "0.0.1",
      "license": "MIT",
      "dependencies": {
        "hardlog": "^2.0.0"
      }
    },
    "node_modules/hardlog": {
      "version": "2.0.0",
      "resolved": "https://registry.npmjs.org/hardlog/-/hardlog-2.0.0.tgz",
      "integrity": "sha512-5kKN1TEZfpaBnHb7edRiUtpIr3C2ozxH8qLtazV5267ND/JNxSQTCkQmuC/jYoXWPs5qviy7MB8JP7weWnV8wQ=="
    }
  },
  "dependencies": {
    "hardlog": {
      "version": "2.0.0",
      "resolved": "https://registry.npmjs.org/hardlog/-/hardlog-2.0.0.tgz",
      "integrity": "sha512-5kKN1TEZfpaBnHb7edRiUtpIr3C2ozxH8qLtazV5267ND/JNxSQTCkQmuC/jYoXWPs5qviy7MB8JP7weWnV8wQ=="
    }
  }
}
